// !$*UTF8*$!
{
	archiveVersion = 1;
	classes = {
	};
	objectVersion = 46;
	objects = {

/* Begin PBXBuildFile section */
		3910F45B14FA69F100841664 /* KTObserver.m in Sources */ = {isa = PBXBuildFile; fileRef = 3910F45A14FA69F100841664 /* KTObserver.m */; };
		3910F46214FA7DFE00841664 /* KTValue.m in Sources */ = {isa = PBXBuildFile; fileRef = 3910F46114FA7DFE00841664 /* KTValue.m */; };
		39D12DF114F8B54500B9EF05 /* Foundation.framework in Frameworks */ = {isa = PBXBuildFile; fileRef = 39D12DF014F8B54500B9EF05 /* Foundation.framework */; };
		39D12DF414F8B54500B9EF05 /* main.m in Sources */ = {isa = PBXBuildFile; fileRef = 39D12DF314F8B54500B9EF05 /* main.m */; };
		39D12DF814F8B54500B9EF05 /* KVCTest.1 in CopyFiles */ = {isa = PBXBuildFile; fileRef = 39D12DF714F8B54500B9EF05 /* KVCTest.1 */; };
		39D12E0014F8B55F00B9EF05 /* KTData.m in Sources */ = {isa = PBXBuildFile; fileRef = 39D12DFF14F8B55F00B9EF05 /* KTData.m */; };
/* End PBXBuildFile section */

/* Begin PBXCopyFilesBuildPhase section */
		39D12DEA14F8B54500B9EF05 /* CopyFiles */ = {
			isa = PBXCopyFilesBuildPhase;
			buildActionMask = 2147483647;
			dstPath = /usr/share/man/man1/;
			dstSubfolderSpec = 0;
			files = (
				39D12DF814F8B54500B9EF05 /* KVCTest.1 in CopyFiles */,
			);
			runOnlyForDeploymentPostprocessing = 1;
		};
/* End PBXCopyFilesBuildPhase section */

/* Begin PBXFileReference section */
		3910F45914FA69F100841664 /* KTObserver.h */ = {isa = PBXFileReference; fileEncoding = 4; lastKnownFileType = sourcecode.c.h; path = KTObserver.h; sourceTree = "<group>"; };
		3910F45A14FA69F100841664 /* KTObserver.m */ = {isa = PBXFileReference; fileEncoding = 4; lastKnownFileType = sourcecode.c.objc; path = KTObserver.m; sourceTree = "<group>"; };
		3910F46014FA7DFE00841664 /* KTValue.h */ = {isa = PBXFileReference; fileEncoding = 4; lastKnownFileType = sourcecode.c.h; path = KTValue.h; sourceTree = "<group>"; };
		3910F46114FA7DFE00841664 /* KTValue.m */ = {isa = PBXFileReference; fileEncoding = 4; lastKnownFileType = sourcecode.c.objc; path = KTValue.m; sourceTree = "<group>"; };
		39D12DEC14F8B54500B9EF05 /* KVCTest */ = {isa = PBXFileReference; explicitFileType = "compiled.mach-o.executable"; includeInIndex = 0; path = KVCTest; sourceTree = BUILT_PRODUCTS_DIR; };
		39D12DF014F8B54500B9EF05 /* Foundation.framework */ = {isa = PBXFileReference; lastKnownFileType = wrapper.framework; name = Foundation.framework; path = System/Library/Frameworks/Foundation.framework; sourceTree = SDKROOT; };
		39D12DF314F8B54500B9EF05 /* main.m */ = {isa = PBXFileReference; lastKnownFileType = sourcecode.c.objc; path = main.m; sourceTree = "<group>"; };
		39D12DF614F8B54500B9EF05 /* KVCTest-Prefix.pch */ = {isa = PBXFileReference; lastKnownFileType = sourcecode.c.h; path = "KVCTest-Prefix.pch"; sourceTree = "<group>"; };
		39D12DF714F8B54500B9EF05 /* KVCTest.1 */ = {isa = PBXFileReference; lastKnownFileType = text.man; path = KVCTest.1; sourceTree = "<group>"; };
		39D12DFE14F8B55F00B9EF05 /* KTData.h */ = {isa = PBXFileReference; fileEncoding = 4; lastKnownFileType = sourcecode.c.h; path = KTData.h; sourceTree = "<group>"; };
		39D12DFF14F8B55F00B9EF05 /* KTData.m */ = {isa = PBXFileReference; fileEncoding = 4; lastKnownFileType = sourcecode.c.objc; path = KTData.m; sourceTree = "<group>"; };
/* End PBXFileReference section */

/* Begin PBXFrameworksBuildPhase section */
		39D12DE914F8B54500B9EF05 /* Frameworks */ = {
			isa = PBXFrameworksBuildPhase;
			buildActionMask = 2147483647;
			files = (
				39D12DF114F8B54500B9EF05 /* Foundation.framework in Frameworks */,
			);
			runOnlyForDeploymentPostprocessing = 0;
		};
/* End PBXFrameworksBuildPhase section */

/* Begin PBXGroup section */
		39D12DE114F8B54500B9EF05 = {
			isa = PBXGroup;
			children = (
				3910F46014FA7DFE00841664 /* KTValue.h */,
				3910F46114FA7DFE00841664 /* KTValue.m */,
				3910F45914FA69F100841664 /* KTObserver.h */,
				3910F45A14FA69F100841664 /* KTObserver.m */,
				39D12DFE14F8B55F00B9EF05 /* KTData.h */,
				39D12DFF14F8B55F00B9EF05 /* KTData.m */,
				39D12DF214F8B54500B9EF05 /* KVCTest */,
				39D12DEF14F8B54500B9EF05 /* Frameworks */,
				39D12DED14F8B54500B9EF05 /* Products */,
			);
			sourceTree = "<group>";
		};
		39D12DED14F8B54500B9EF05 /* Products */ = {
			isa = PBXGroup;
			children = (
				39D12DEC14F8B54500B9EF05 /* KVCTest */,
			);
			name = Products;
			sourceTree = "<group>";
		};
		39D12DEF14F8B54500B9EF05 /* Frameworks */ = {
			isa = PBXGroup;
			children = (
				39D12DF014F8B54500B9EF05 /* Foundation.framework */,
			);
			name = Frameworks;
			sourceTree = "<group>";
		};
		39D12DF214F8B54500B9EF05 /* KVCTest */ = {
			isa = PBXGroup;
			children = (
				39D12DF314F8B54500B9EF05 /* main.m */,
				39D12DF714F8B54500B9EF05 /* KVCTest.1 */,
				39D12DF514F8B54500B9EF05 /* Supporting Files */,
			);
			path = KVCTest;
			sourceTree = "<group>";
		};
		39D12DF514F8B54500B9EF05 /* Supporting Files */ = {
			isa = PBXGroup;
			children = (
				39D12DF614F8B54500B9EF05 /* KVCTest-Prefix.pch */,
			);
			name = "Supporting Files";
			sourceTree = "<group>";
		};
/* End PBXGroup section */

/* Begin PBXNativeTarget section */
		39D12DEB14F8B54500B9EF05 /* KVCTest */ = {
			isa = PBXNativeTarget;
			buildConfigurationList = 39D12DFB14F8B54500B9EF05 /* Build configuration list for PBXNativeTarget "KVCTest" */;
			buildPhases = (
				39D12DE814F8B54500B9EF05 /* Sources */,
				39D12DE914F8B54500B9EF05 /* Frameworks */,
				39D12DEA14F8B54500B9EF05 /* CopyFiles */,
			);
			buildRules = (
			);
			dependencies = (
			);
			name = KVCTest;
			productName = KVCTest;
			productReference = 39D12DEC14F8B54500B9EF05 /* KVCTest */;
			productType = "com.apple.product-type.tool";
		};
/* End PBXNativeTarget section */

/* Begin PBXProject section */
		39D12DE314F8B54500B9EF05 /* Project object */ = {
			isa = PBXProject;
			attributes = {
				LastUpgradeCheck = 0420;
			};
			buildConfigurationList = 39D12DE614F8B54500B9EF05 /* Build configuration list for PBXProject "KVCTest" */;
			compatibilityVersion = "Xcode 3.2";
			developmentRegion = English;
			hasScannedForEncodings = 0;
			knownRegions = (
				en,
			);
			mainGroup = 39D12DE114F8B54500B9EF05;
			productRefGroup = 39D12DED14F8B54500B9EF05 /* Products */;
			projectDirPath = "";
			projectRoot = "";
			targets = (
				39D12DEB14F8B54500B9EF05 /* KVCTest */,
			);
		};
/* End PBXProject section */

/* Begin PBXSourcesBuildPhase section */
		39D12DE814F8B54500B9EF05 /* Sources */ = {
			isa = PBXSourcesBuildPhase;
			buildActionMask = 2147483647;
			files = (
				39D12DF414F8B54500B9EF05 /* main.m in Sources */,
				39D12E0014F8B55F00B9EF05 /* KTData.m in Sources */,
				3910F45B14FA69F100841664 /* KTObserver.m in Sources */,
				3910F46214FA7DFE00841664 /* KTValue.m in Sources */,
			);
			runOnlyForDeploymentPostprocessing = 0;
		};
/* End PBXSourcesBuildPhase section */

/* Begin XCBuildConfiguration section */
		39D12DF914F8B54500B9EF05 /* Debug */ = {
			isa = XCBuildConfiguration;
			buildSettings = {
				ALWAYS_SEARCH_USER_PATHS = NO;
				ARCHS = "$(ARCHS_STANDARD_64_BIT)";
				CLANG_ENABLE_OBJC_ARC = YES;
				COPY_PHASE_STRIP = NO;
				GCC_C_LANGUAGE_STANDARD = gnu99;
				GCC_DYNAMIC_NO_PIC = NO;
				GCC_ENABLE_OBJC_EXCEPTIONS = YES;
				GCC_OPTIMIZATION_LEVEL = 0;
				GCC_PREPROCESSOR_DEFINITIONS = (
					"DEBUG=1",
					"$(inherited)",
				);
				GCC_SYMBOLS_PRIVATE_EXTERN = NO;
				GCC_VERSION = com.apple.compilers.llvm.clang.1_0;
				GCC_WARN_64_TO_32_BIT_CONVERSION = YES;
				GCC_WARN_ABOUT_MISSING_PROTOTYPES = YES;
				GCC_WARN_ABOUT_RETURN_TYPE = YES;
				GCC_WARN_UNUSED_VARIABLE = YES;
				MACOSX_DEPLOYMENT_TARGET = 10.7;
				ONLY_ACTIVE_ARCH = YES;
				SDKROOT = macosx;
			};
			name = Debug;
		};
		39D12DFA14F8B54500B9EF05 /* Release */ = {
			isa = XCBuildConfiguration;
			buildSettings = {
				ALWAYS_SEARCH_USER_PATHS = NO;
				ARCHS = "$(ARCHS_STANDARD_64_BIT)";
				CLANG_ENABLE_OBJC_ARC = YES;
				COPY_PHASE_STRIP = YES;
				DEBUG_INFORMATION_FORMAT = "dwarf-with-dsym";
				GCC_C_LANGUAGE_STANDARD = gnu99;
				GCC_ENABLE_OBJC_EXCEPTIONS = YES;
				GCC_VERSION = com.apple.compilers.llvm.clang.1_0;
				GCC_WARN_64_TO_32_BIT_CONVERSION = YES;
				GCC_WARN_ABOUT_MISSING_PROTOTYPES = YES;
				GCC_WARN_ABOUT_RETURN_TYPE = YES;
				GCC_WARN_UNUSED_VARIABLE = YES;
				MACOSX_DEPLOYMENT_TARGET = 10.7;
				SDKROOT = macosx;
			};
			name = Release;
		};
		39D12DFC14F8B54500B9EF05 /* Debug */ = {
			isa = XCBuildConfiguration;
			buildSettings = {
				GCC_PRECOMPILE_PREFIX_HEADER = YES;
				GCC_PREFIX_HEADER = "KVCTest/KVCTest-Prefix.pch";
				PRODUCT_NAME = "$(TARGET_NAME)";
			};
			name = Debug;
		};
		39D12DFD14F8B54500B9EF05 /* Release */ = {
			isa = XCBuildConfiguration;
			buildSettings = {
				GCC_PRECOMPILE_PREFIX_HEADER = YES;
				GCC_PREFIX_HEADER = "KVCTest/KVCTest-Prefix.pch";
				PRODUCT_NAME = "$(TARGET_NAME)";
			};
			name = Release;
		};
/* End XCBuildConfiguration section */

/* Begin XCConfigurationList section */
		39D12DE614F8B54500B9EF05 /* Build configuration list for PBXProject "KVCTest" */ = {
			isa = XCConfigurationList;
			buildConfigurations = (
				39D12DF914F8B54500B9EF05 /* Debug */,
				39D12DFA14F8B54500B9EF05 /* Release */,
			);
			defaultConfigurationIsVisible = 0;
			defaultConfigurationName = Release;
		};
		39D12DFB14F8B54500B9EF05 /* Build configuration list for PBXNativeTarget "KVCTest" */ = {
			isa = XCConfigurationList;
			buildConfigurations = (
				39D12DFC14F8B54500B9EF05 /* Debug */,
				39D12DFD14F8B54500B9EF05 /* Release */,
			);
			defaultConfigurationIsVisible = 0;
			defaultConfigurationName = Release;
		};
/* End XCConfigurationList section */
	};
	rootObject = 39D12DE314F8B54500B9EF05 /* Project object */;
}
